
Microsoft Visual Studio Solution File, Format Version 12.00
# Visual Studio Version 17
VisualStudioVersion = 17.4.33213.308
MinimumVisualStudioVersion = 10.0.40219.1
Project("{FAE04EC0-301F-11D3-BF4B-00C04F79EFBC}") = "InterfaceAbstractDemo3", "InterfaceAbstractDemo3\InterfaceAbstractDemo3.csproj", "{D21109F0-2AC6-4D01-B3A8-6FF2E31806CD}"
EndProject
Global
	GlobalSection(SolutionConfigurationPlatforms) = preSolution
		Debug|Any CPU = Debug|Any CPU
		Release|Any CPU = Release|Any CPU
	EndGlobalSection
	GlobalSection(ProjectConfigurationPlatforms) = postSolution
		{D21109F0-2AC6-4D01-B3A8-6FF2E31806CD}.Debug|Any CPU.ActiveCfg = Debug|Any CPU
		{D21109F0-2AC6-4D01-B3A8-6FF2E31806CD}.Debug|Any CPU.Build.0 = Debug|Any CPU
		{D21109F0-2AC6-4D01-B3A8-6FF2E31806CD}.Release|Any CPU.ActiveCfg = Release|Any CPU
		{D21109F0-2AC6-4D01-B3A8-6FF2E31806CD}.Release|Any CPU.Build.0 = Release|Any CPU
	EndGlobalSection
	GlobalSection(SolutionProperties) = preSolution
		HideSolutionNode = FALSE
	EndGlobalSection
	GlobalSection(ExtensibilityGlobals) = postSolution
		SolutionGuid = {EC4DE585-D13D-4305-9390-60779742EC3E}
	EndGlobalSection
EndGlobal
